github.com/Vanishvei/fass-sdk-parameters v0.0.8 h1:R+TvIb3K94DdfRk7fuUM7CnxxoA+9S69Nulf5lViOcE=
github.com/Vanishvei/fass-sdk-parameters v0.0.8/go.mod h1:LbSC+9N9Fs84eWsVu1d+7GEd6xYHppBHJTUPhSaYVaY=
github.com/Vanishvei/fass-sdk-parameters v0.0.9 h1:rgZtSprRmRfNCYagcZYTHHgc0UXygS7nnFav7Dm+Quw=
github.com/Vanishvei/fass-sdk-parameters v0.0.9/go.mod h1:LbSC+9N9Fs84eWsVu1d+7GEd6xYHppBHJTUPhSaYVaY=
github.com/Vanishvei/fass-sdk-parameters v1.0.0 h1:qeh5spgJTx20mkeyO+e/yUHFud8Uqkj1p4zpweI54RQ=
github.com/Vanishvei/fass-sdk-parameters v1.0.0/go.mod h1:LbSC+9N9Fs84eWsVu1d+7GEd6xYHppBHJTUPhSaYVaY=
github.com/Vanishvei/fass-sdk-parameters v1.0.1 h1:0MBHf6f4GuK3IXmV2eexyaNndrXLsJIRV5R46MCphP4=
github.com/Vanishvei/fass-sdk-parameters v1.0.1/go.mod h1:LbSC+9N9Fs84eWsVu1d+7GEd6xYHppBHJTUPhSaYVaY=
github.com/Vanishvei/fass-sdk-responses v0.0.8 h1:2ZdQuyrljvML+pmHt4994FKYwvDjOaTljQCiCWiAAVE=
github.com/Vanishvei/fass-sdk-responses v0.0.8/go.mod h1:K49cEm5toh1Wklcb6Hv/8vz2qRmFEEdt/Q1UGAo4oTs=
github.com/Vanishvei/fass-sdk-responses v0.0.9 h1:fZsBoL6haewOPn4UHS2W+k/h6NgDHaFIc4UM+yQmW2I=
github.com/Vanishvei/fass-sdk-responses v0.0.9/go.mod h1:K49cEm5toh1Wklcb6Hv/8vz2qRmFEEdt/Q1UGAo4oTs=
github.com/Vanishvei/fass-sdk-responses v1.0.0 h1:60xZJ0Xum6StIlhV9rBG9Kcpr0gis6u/Uu2MbVPBVAE=
github.com/Vanishvei/fass-sdk-responses v1.0.0/go.mod h1:K49cEm5toh1Wklcb6Hv/8vz2qRmFEEdt/Q1UGAo4oTs=
github.com/Vanishvei/fass-sdk-responses v1.0.1 h1:bxP+2l4V0gIY1haj5lmwGKTBSnrUKLbm8YgZRuUC1Ug=
github.com/Vanishvei/fass-sdk-responses v1.0.1/go.mod h1:K49cEm5toh1Wklcb6Hv/8vz2qRmFEEdt/Q1UGAo4oTs=
github.com/davecgh/go-spew v1.1.0/go.mod h1:J7Y8YcW2NihsgmVo/mv3lAwl/skON4iLHjSsI+c5H38=
github.com/davecgh/go-spew v1.1.1 h1:vj9j/u1bqnvCEfJOwUhtlOARqs3+rkHYY13jYWTU97c=
github.com/davecgh/go-spew v1.1.1/go.mod h1:J7Y8YcW2NihsgmVo/mv3lAwl/skON4iLHjSsI+c5H38=
github.com/google/gofuzz v1.0.0/go.mod h1:dBl0BpW6vV/+mYPU4Po3pmUjxk6FQPldtuIdl/M65Eg=
github.com/google/uuid v1.3.0 h1:t6JiXgmwXMjEs8VusXIJk2BXHsn+wx8BZdTaoZ5fu7I=
github.com/google/uuid v1.3.0/go.mod h1:TIyPZe4MgqvfeYDBFedMoGGpEw/LqOeaOT+nhxU+yHo=
github.com/json-iterator/go v1.1.12 h1:PV8peI4a0ysnczrg+LtxykD8LfKY9ML6u2jnxaEnrnM=
github.com/json-iterator/go v1.1.12/go.mod h1:e30LSqwooZae/UwlEbR2852Gd8hjQvJoHmT4TnhNGBo=
github.com/modern-go/concurrent v0.0.0-20180228061459-e0a39a4cb421 h1:ZqeYNhU3OHLH3mGKHDcjJRFFRrJa6eAM5H+CtDdOsPc=
github.com/modern-go/concurrent v0.0.0-20180228061459-e0a39a4cb421/go.mod h1:6dJC0mAP4ikYIbvyc7fijjWJddQyLn8Ig3JB5CqoB9Q=
github.com/modern-go/reflect2 v1.0.2 h1:xBagoLtFs94CBntxluKeaWgTMpvLxC4ur3nMaC9Gz0M=
github.com/modern-go/reflect2 v1.0.2/go.mod h1:yWuevngMOJpCy52FWWMvUC8ws7m/LJsjYzDa0/r8luk=
github.com/pmezard/go-difflib v1.0.0 h1:4DBwDE0NGyQoBHbLQYPwSUPoCMWR5BEzIk/f1lZbAQM=
github.com/pmezard/go-difflib v1.0.0/go.mod h1:iKH77koFhYxTK1pcRnkKkqfTogsbg7gZNVY4sRDYZ/4=
github.com/stretchr/objx v0.1.0/go.mod h1:HFkY916IF+rwdDfMAkV7OtwuqBVzrE8GR6GFx+wExME=
github.com/stretchr/testify v1.3.0 h1:TivCn/peBQ7UY8ooIcPgZFpTNSz0Q2U6UrFlUfqbe0Q=
github.com/stretchr/testify v1.3.0/go.mod h1:M5WIy9Dh21IEIfnGCwXGc5bZfKNJtfHm1UVUgZn+9EI=
gopkg.in/check.v1 v0.0.0-20161208181325-20d25e280405 h1:yhCVgyC4o1eVCa2tZl7eS0r+SDo693bJlVdllGtEeKM=
gopkg.in/check.v1 v0.0.0-20161208181325-20d25e280405/go.mod h1:Co6ibVJAznAaIkqp8huTwlJQCZ016jof/cbN4VW5Yz0=
gopkg.in/yaml.v3 v3.0.1 h1:fxVm/GzAzEWqLHuvctI91KS9hhNmmWOoWu0XTYJS7CA=
gopkg.in/yaml.v3 v3.0.1/go.mod h1:K4uyk7z7BCEPqu6E+C64Yfv1cQ7kz7rIZviUmN+EgEM=
